<?xml version="1.0" encoding="utf-8"?>
<Project ToolsVersion="4.0" xmlns="http://schemas.microsoft.com/developer/msbuild/2003">
  <ItemGroup>
    <ClCompile Include="Code_DirectX_Sample.cpp" />
    <ClCompile Include="00009902000101-Code_DirectX_Sample\Classes\Scene_Sample\CManager_SampleScene.cpp">
      <Filter>00009902000101-Code_DirectX_Sample\Classes\Scene_Sample</Filter>
    </ClCompile>
  </ItemGroup>
  <ItemGroup>
    <Filter Include="00009902000101-Code_DirectX_Sample">
      <UniqueIdentifier>{a6f72d5c-b8ff-4f56-a621-eca7105bda2c}</UniqueIdentifier>
    </Filter>
    <Filter Include="00009902000101-Code_DirectX_Sample\Classes">
      <UniqueIdentifier>{8e12a81d-68b4-4bf9-a916-cc4715b2c8c8}</UniqueIdentifier>
    </Filter>
    <Filter Include="00009902000101-Code_DirectX_Sample\Classes\Global">
      <UniqueIdentifier>{49cc1ccc-9347-4b10-a97b-c96c9f58ee6a}</UniqueIdentifier>
    </Filter>
    <Filter Include="00009902000101-Code_DirectX_Sample\Classes\Global\Define">
      <UniqueIdentifier>{b9a53f42-a0b7-4719-8095-e7528562ea84}</UniqueIdentifier>
    </Filter>
    <Filter Include="00009902000101-Code_DirectX_Sample\Classes\Scene_Sample">
      <UniqueIdentifier>{e84f503d-7dcc-429a-957d-69f6c098c1ed}</UniqueIdentifier>
    </Filter>
  </ItemGroup>
  <ItemGroup>
    <ClInclude Include="00009902000101-Code_DirectX_Sample\Classes\Global\Define\KDefine+Global.h">
      <Filter>00009902000101-Code_DirectX_Sample\Classes\Global\Define</Filter>
    </ClInclude>
    <ClInclude Include="00009902000101-Code_DirectX_Sample\Classes\Scene_Sample\CManager_SampleScene.h">
      <Filter>00009902000101-Code_DirectX_Sample\Classes\Scene_Sample</Filter>
    </ClInclude>
  </ItemGroup>
</Project>