<?xml version="1.0" encoding="utf-8"?>
<Project ToolsVersion="4.0" xmlns="http://schemas.microsoft.com/developer/msbuild/2003">
  <ItemGroup>
    <Filter Include="Classes">
      <UniqueIdentifier>{102f6826-0693-4e0f-bcc6-dca06135a17a}</UniqueIdentifier>
    </Filter>
    <Filter Include="Classes\Global">
      <UniqueIdentifier>{3b560a44-8adc-4604-9e74-d0c8ae44d67e}</UniqueIdentifier>
    </Filter>
    <Filter Include="Classes\Global\Define">
      <UniqueIdentifier>{e35fa2a3-366e-4d02-bc7b-a72467c2b95b}</UniqueIdentifier>
    </Filter>
    <Filter Include="Classes\Global\Factory">
      <UniqueIdentifier>{44ade54a-6642-47c3-9dcb-117debdd41ff}</UniqueIdentifier>
    </Filter>
    <Filter Include="Classes\Global\Function">
      <UniqueIdentifier>{ded6bef1-5726-44f4-9770-a04d6eddab69}</UniqueIdentifier>
    </Filter>
    <Filter Include="Classes\Global\Utility">
      <UniqueIdentifier>{73ae0d0b-381e-4eb3-827f-eeb174bbeb5b}</UniqueIdentifier>
    </Filter>
    <Filter Include="Classes\Global\Utility\Base">
      <UniqueIdentifier>{0132dea1-89fc-40ef-8a38-3f0146217fe7}</UniqueIdentifier>
    </Filter>
    <Filter Include="Classes\Global\Utility\Interface">
      <UniqueIdentifier>{d8798d97-bf80-4f1d-ac4b-cdc7be98fba9}</UniqueIdentifier>
    </Filter>
    <Filter Include="Classes\Global\Utility\Manager">
      <UniqueIdentifier>{2a210022-3080-46b5-a483-5af2fa6c7c1a}</UniqueIdentifier>
    </Filter>
    <Filter Include="Classes\Global\Utility\Camera">
      <UniqueIdentifier>{467d45db-8ddf-414f-9444-33ccf38dac0e}</UniqueIdentifier>
    </Filter>
    <Filter Include="Classes\Global\Utility\Sound">
      <UniqueIdentifier>{2f919ce1-c34b-4c68-ab07-b4941e4254e9}</UniqueIdentifier>
    </Filter>
    <Filter Include="Classes\Global\Access">
      <UniqueIdentifier>{918cb3b9-c3c0-427d-9cff-b6f0925440f4}</UniqueIdentifier>
    </Filter>
    <Filter Include="Classes\Global\Utility\Mesh">
      <UniqueIdentifier>{a7d3d52c-7264-40a8-97e2-6e9b0208c05c}</UniqueIdentifier>
    </Filter>
    <Filter Include="Classes\Scene_Sample">
      <UniqueIdentifier>{09e3ab4f-22e0-4fa0-805b-5703713bf75c}</UniqueIdentifier>
    </Filter>
    <Filter Include="Classes\Global\Utility\Material">
      <UniqueIdentifier>{ae4429ba-59e0-489c-a782-064c4e6c4068}</UniqueIdentifier>
    </Filter>
    <Filter Include="Classes\Global\Utility\Light">
      <UniqueIdentifier>{4ad74b9e-42f9-43df-aea4-5fe6bf100414}</UniqueIdentifier>
    </Filter>
    <Filter Include="Classes\Global\Utility\Loader">
      <UniqueIdentifier>{d7e89f33-fbd0-40f2-8368-25f4be071816}</UniqueIdentifier>
    </Filter>
    <Filter Include="Resources">
      <UniqueIdentifier>{74a85920-1eca-47e6-935e-4e82c8abb0ae}</UniqueIdentifier>
    </Filter>
    <Filter Include="Resources\Meshes">
      <UniqueIdentifier>{e0a0b3a5-7948-4680-adf6-03948645ad5b}</UniqueIdentifier>
    </Filter>
    <Filter Include="Resources\Meshes\Elementalist">
      <UniqueIdentifier>{f5cf17a2-761e-4034-9d35-dc1117db7a93}</UniqueIdentifier>
    </Filter>
    <Filter Include="Resources\Meshes\GunShip">
      <UniqueIdentifier>{d4e99000-5d3b-4049-966f-46c29f2087cd}</UniqueIdentifier>
    </Filter>
    <Filter Include="Resources\Meshes\WitchApprentice">
      <UniqueIdentifier>{e9c52ad9-fcdb-42fa-b29a-3fd0c4096d0f}</UniqueIdentifier>
    </Filter>
    <Filter Include="Resources\Effects">
      <UniqueIdentifier>{0a65a2bc-ef0a-463c-bb9d-f9a8bf487070}</UniqueIdentifier>
    </Filter>
  </ItemGroup>
  <ItemGroup>
    <ClCompile Include="Code_DirectX_Sample.cpp" />
    <ClCompile Include="Classes\Global\Factory\Factory+Global.cpp">
      <Filter>Classes\Global\Factory</Filter>
    </ClCompile>
    <ClCompile Include="Classes\Global\Function\Func+Global.cpp">
      <Filter>Classes\Global\Function</Filter>
    </ClCompile>
    <ClCompile Include="Classes\Global\Utility\Base\CApp_D3D.cpp">
      <Filter>Classes\Global\Utility\Base</Filter>
    </ClCompile>
    <ClCompile Include="Classes\Global\Utility\Base\CApp_Wnd.cpp">
      <Filter>Classes\Global\Utility\Base</Filter>
    </ClCompile>
    <ClCompile Include="Classes\Global\Utility\Manager\CManager_Input.cpp">
      <Filter>Classes\Global\Utility\Manager</Filter>
    </ClCompile>
    <ClCompile Include="Classes\Global\Utility\Manager\CManager_Res.cpp">
      <Filter>Classes\Global\Utility\Manager</Filter>
    </ClCompile>
    <ClCompile Include="Classes\Global\Utility\Manager\CManager_Snd.cpp">
      <Filter>Classes\Global\Utility\Manager</Filter>
    </ClCompile>
    <ClCompile Include="Classes\Global\Utility\Manager\CManager_Time.cpp">
      <Filter>Classes\Global\Utility\Manager</Filter>
    </ClCompile>
    <ClCompile Include="Classes\Global\Utility\Camera\CCamera.cpp">
      <Filter>Classes\Global\Utility\Camera</Filter>
    </ClCompile>
    <ClCompile Include="Classes\Global\Utility\Sound\CSnd.cpp">
      <Filter>Classes\Global\Utility\Sound</Filter>
    </ClCompile>
    <ClCompile Include="Classes\Global\Utility\Base\CObj.cpp">
      <Filter>Classes\Global\Utility\Base</Filter>
    </ClCompile>
    <ClCompile Include="Classes\Global\Access\Access+Global.cpp">
      <Filter>Classes\Global\Access</Filter>
    </ClCompile>
    <ClCompile Include="Classes\Global\Utility\Mesh\CMesh.cpp">
      <Filter>Classes\Global\Utility\Mesh</Filter>
    </ClCompile>
    <ClCompile Include="Classes\Global\Utility\Base\CObj_Render.cpp">
      <Filter>Classes\Global\Utility\Base</Filter>
    </ClCompile>
    <ClCompile Include="Classes\Scene_Sample\CManager_SampleScene.cpp">
      <Filter>Classes\Scene_Sample</Filter>
    </ClCompile>
    <ClCompile Include="Classes\Global\Utility\Material\CMat.cpp">
      <Filter>Classes\Global\Utility\Material</Filter>
    </ClCompile>
    <ClCompile Include="Classes\Global\Utility\Mesh\CMesh_Skeleton.cpp">
      <Filter>Classes\Global\Utility\Mesh</Filter>
    </ClCompile>
    <ClCompile Include="Classes\Global\Utility\Loader\CLoader_SkeletonMesh.cpp">
      <Filter>Classes\Global\Utility\Loader</Filter>
    </ClCompile>
    <ClCompile Include="Classes\Global\Utility\Light\CLight.cpp">
      <Filter>Classes\Global\Utility\Light</Filter>
    </ClCompile>
  </ItemGroup>
  <ItemGroup>
    <ClInclude Include="Classes\Global\Define\KDefine+Global.h">
      <Filter>Classes\Global\Define</Filter>
    </ClInclude>
    <ClInclude Include="Classes\Global\Factory\Factory+Global.h">
      <Filter>Classes\Global\Factory</Filter>
    </ClInclude>
    <ClInclude Include="Classes\Global\Function\Func+Global.h">
      <Filter>Classes\Global\Function</Filter>
    </ClInclude>
    <ClInclude Include="Classes\Global\Utility\Base\CApp_D3D.h">
      <Filter>Classes\Global\Utility\Base</Filter>
    </ClInclude>
    <ClInclude Include="Classes\Global\Utility\Base\CApp_Wnd.h">
      <Filter>Classes\Global\Utility\Base</Filter>
    </ClInclude>
    <ClInclude Include="Classes\Global\Utility\Interface\IReleasable.h">
      <Filter>Classes\Global\Utility\Interface</Filter>
    </ClInclude>
    <ClInclude Include="Classes\Global\Utility\Interface\IRenderable.h">
      <Filter>Classes\Global\Utility\Interface</Filter>
    </ClInclude>
    <ClInclude Include="Classes\Global\Utility\Interface\IUpdateable.h">
      <Filter>Classes\Global\Utility\Interface</Filter>
    </ClInclude>
    <ClInclude Include="Classes\Global\Utility\Manager\CManager_Input.h">
      <Filter>Classes\Global\Utility\Manager</Filter>
    </ClInclude>
    <ClInclude Include="Classes\Global\Utility\Manager\CManager_Res.h">
      <Filter>Classes\Global\Utility\Manager</Filter>
    </ClInclude>
    <ClInclude Include="Classes\Global\Utility\Manager\CManager_Snd.h">
      <Filter>Classes\Global\Utility\Manager</Filter>
    </ClInclude>
    <ClInclude Include="Classes\Global\Utility\Manager\CManager_Time.h">
      <Filter>Classes\Global\Utility\Manager</Filter>
    </ClInclude>
    <ClInclude Include="Classes\Global\Utility\Camera\CCamera.h">
      <Filter>Classes\Global\Utility\Camera</Filter>
    </ClInclude>
    <ClInclude Include="Classes\Global\Utility\Sound\CSnd.h">
      <Filter>Classes\Global\Utility\Sound</Filter>
    </ClInclude>
    <ClInclude Include="Classes\Global\Utility\Base\CObj.h">
      <Filter>Classes\Global\Utility\Base</Filter>
    </ClInclude>
    <ClInclude Include="Classes\Global\Access\Access+Global.h">
      <Filter>Classes\Global\Access</Filter>
    </ClInclude>
    <ClInclude Include="Classes\Global\Utility\Mesh\CMesh.h">
      <Filter>Classes\Global\Utility\Mesh</Filter>
    </ClInclude>
    <ClInclude Include="Classes\Global\Utility\Base\CObj_Render.h">
      <Filter>Classes\Global\Utility\Base</Filter>
    </ClInclude>
    <ClInclude Include="Classes\Scene_Sample\CManager_SampleScene.h">
      <Filter>Classes\Scene_Sample</Filter>
    </ClInclude>
    <ClInclude Include="Classes\Global\Utility\Material\CMat.h">
      <Filter>Classes\Global\Utility\Material</Filter>
    </ClInclude>
    <ClInclude Include="Classes\Global\Utility\Light\CLight.h">
      <Filter>Classes\Global\Utility\Light</Filter>
    </ClInclude>
    <ClInclude Include="Classes\Global\Utility\Mesh\CMesh_Skeleton.h">
      <Filter>Classes\Global\Utility\Mesh</Filter>
    </ClInclude>
    <ClInclude Include="Classes\Global\Utility\Loader\CLoader_SkeletonMesh.h">
      <Filter>Classes\Global\Utility\Loader</Filter>
    </ClInclude>
  </ItemGroup>
  <ItemGroup>
    <Image Include="Resources\Meshes\Elementalist\Body_D.tga">
      <Filter>Resources\Meshes\Elementalist</Filter>
    </Image>
    <Image Include="Resources\Meshes\Elementalist\Body_N.tga">
      <Filter>Resources\Meshes\Elementalist</Filter>
    </Image>
    <Image Include="Resources\Meshes\Elementalist\Face_D.tga">
      <Filter>Resources\Meshes\Elementalist</Filter>
    </Image>
    <Image Include="Resources\Meshes\Elementalist\Face_N.tga">
      <Filter>Resources\Meshes\Elementalist</Filter>
    </Image>
    <Image Include="Resources\Meshes\Elementalist\Hair_D.tga">
      <Filter>Resources\Meshes\Elementalist</Filter>
    </Image>
    <Image Include="Resources\Meshes\Elementalist\Hair_N.tga">
      <Filter>Resources\Meshes\Elementalist</Filter>
    </Image>
    <Image Include="Resources\Meshes\GunShip\GunShip.tga">
      <Filter>Resources\Meshes\GunShip</Filter>
    </Image>
    <Image Include="Resources\Meshes\GunShip\GunShip_E.tga">
      <Filter>Resources\Meshes\GunShip</Filter>
    </Image>
    <Image Include="Resources\Meshes\GunShip\GunShip_N.tga">
      <Filter>Resources\Meshes\GunShip</Filter>
    </Image>
    <Image Include="Resources\Meshes\GunShip\GunshipGlass.tga">
      <Filter>Resources\Meshes\GunShip</Filter>
    </Image>
    <Image Include="Resources\Meshes\GunShip\GunshipGlass_N.tga">
      <Filter>Resources\Meshes\GunShip</Filter>
    </Image>
    <Image Include="Resources\Meshes\WitchApprentice\WitchApprentice_diff.bmp">
      <Filter>Resources\Meshes\WitchApprentice</Filter>
    </Image>
    <Image Include="Resources\Meshes\WitchApprentice\WitchApprentice_w_diff.bmp">
      <Filter>Resources\Meshes\WitchApprentice</Filter>
    </Image>
  </ItemGroup>
  <ItemGroup>
    <None Include="Resources\Meshes\Elementalist\Elementalist.x">
      <Filter>Resources\Meshes\Elementalist</Filter>
    </None>
    <None Include="Resources\Meshes\GunShip\GunShip.x">
      <Filter>Resources\Meshes\GunShip</Filter>
    </None>
    <None Include="Resources\Meshes\WitchApprentice\WitchApprentice.x">
      <Filter>Resources\Meshes\WitchApprentice</Filter>
    </None>
  </ItemGroup>
  <ItemGroup>
    <FxCompile Include="Resources\Effects\GunShip.fx">
      <Filter>Resources\Effects</Filter>
    </FxCompile>
  </ItemGroup>
</Project>